{
  "name": "codeless",
  "version": "1.0.0",
  "lockfileVersion": 1,
  "requires": true,
  "dependencies": {
    "stencil": {
      "version": "0.0.5",
      "resolved": "https://registry.npmjs.org/stencil/-/stencil-0.0.5.tgz",
      "integrity": "sha1-1x/dkz47H3JHNrXDiPGRp+f8HUc=",
      "dev": true,
      "requires": {
        "xmldom": "0.1.15"
      }
    },
    "xmldom": {
      "version": "0.1.15",
      "resolved": "https://registry.npmjs.org/xmldom/-/xmldom-0.1.15.tgz",
      "integrity": "sha1-swSAYvG91S7cQhQkRZ8G3O6y+U0=",
      "dev": true
    }
  }
}
